{
  "version": 4,
  "terraform_version": "1.5.4",
  "serial": 193,
  "lineage": "2d297120-c558-f9a5-62ca-777f35f71c15",
  "outputs": {
    "azurerm_linux_virtual_machine": {
      "value": [
        "azure-linux-vm-0",
        "azure-linux-vm-1"
      ],
      "type": [
        "tuple",
        [
          "string",
          "string"
        ]
      ]
    },
    "container": {
      "value": [
        "leodeoraffsc-0",
        "leodeoraffsc-1"
      ],
      "type": [
        "tuple",
        [
          "string",
          "string"
        ]
      ]
    },
    "generated_password": {
      "value": "IS33a_!T",
      "type": "string",
      "sensitive": true
    },
    "storage": {
      "value": "leodeoraffsa",
      "type": "string"
    }
  },
  "resources": [
    {
      "mode": "managed",
      "type": "azurerm_linux_virtual_machine",
      "name": "vm",
      "provider": "provider[\"registry.terraform.io/hashicorp/azurerm\"]",
      "instances": [
        {
          "index_key": 0,
          "schema_version": 0,
          "attributes": {
            "additional_capabilities": [],
            "admin_password": "IS33a_!T",
            "admin_ssh_key": [
              {
                "public_key": "ssh-rsa AAAAB3NzaC1yc2EAAAADAQABAAACAQClqyrrOtR4olHb/J/NBUKaeVlyxREsTCvtVlH/PqQDCZ933LpzXLZS5Xf03KookQJR6oceoNQaCN03QHJomYtsVzF3dYbRQJnKF4Igwy4NcIxPukHSbr8Tx1pQyp1vkQUPlm6l4REdICU2PHStQVD70B+BbkMEV0ZPed9vjdcutqCK/MW4dXtUFUNGr5Cy4M/0win95NmmXy5wzfuAQHedtOAjZQk17XdClddl0TG/sMzDjHRiVpEMqNPIejSyZhv+DRUrvdLEpt2gTaSpVYd37nUkTupkt/jDDdUEaN0gDaXM2khqIJ9lyNg+zsi4SlYny6C9/byDTNlQs+CXmFXefA8NKBq5JNRuUJfEFpv1La4Sap6zOY/D3bmaZefha3XkE9iUjsj0Tug1wdWI3C51WfuRKvNGPRTPIFqtGMcVa0qRpasDCDQhH7BmOr0Skg+CVQVpJuExEABOt3Ai9KDUgRrimdxKLh+jr393P13/oa1RUon+0HwLWCkLBONXYeTfFVRFg3kAfjJP5akQoIMHIsjtMUDUM0ltI14G/h9nIedBC9mIF8Z3i54JQTFFfuyBm9Vh61myZoR48g9DO0xDRPCCDXYWLrOMdt6CaFI1pbtTybcbD8o0PLupHbrhONjejfe4e+LRpVyDEn4Kifri9cCJDAGP8UxaUDoIN2/3Ow== ajrafferty67@gmail.com",
                "username": "adminuser"
              }
            ],
            "admin_username": "adminuser",
            "allow_extension_operations": true,
            "availability_set_id": "",
            "boot_diagnostics": [],
            "computer_name": "azure-linux-vm-0",
            "custom_data": null,
            "dedicated_host_group_id": "",
            "dedicated_host_id": "",
            "disable_password_authentication": false,
            "edge_zone": "",
            "encryption_at_host_enabled": false,
            "eviction_policy": "",
            "extensions_time_budget": "PT1H30M",
            "id": "/subscriptions/cfbfc6c9-d0ee-4d3d-93a2-5bfaaf1a8be1/resourceGroups/az-rg-001/providers/Microsoft.Compute/virtualMachines/azure-linux-vm-0",
            "identity": [],
            "license_type": "",
            "location": "australiaeast",
            "max_bid_price": -1,
            "name": "azure-linux-vm-0",
            "network_interface_ids": [
              "/subscriptions/cfbfc6c9-d0ee-4d3d-93a2-5bfaaf1a8be1/resourceGroups/az-rg-001/providers/Microsoft.Network/networkInterfaces/azure-linux-vm--nic-0"
            ],
            "os_disk": [
              {
                "caching": "ReadWrite",
                "diff_disk_settings": [],
                "disk_encryption_set_id": "",
                "disk_size_gb": 30,
                "name": "myosdisk0",
                "storage_account_type": "Standard_LRS",
                "write_accelerator_enabled": false
              }
            ],
            "patch_mode": "ImageDefault",
            "plan": [],
            "platform_fault_domain": -1,
            "priority": "Regular",
            "private_ip_address": "10.0.2.5",
            "private_ip_addresses": [
              "10.0.2.5"
            ],
            "provision_vm_agent": true,
            "proximity_placement_group_id": "",
            "public_ip_address": "20.70.173.66",
            "public_ip_addresses": [
              "20.70.173.66"
            ],
            "resource_group_name": "az-rg-001",
            "secret": [],
            "secure_boot_enabled": false,
            "size": "Standard_DS1_v2",
            "source_image_id": "",
            "source_image_reference": [
              {
                "offer": "UbuntuServer",
                "publisher": "Canonical",
                "sku": "18.04-LTS",
                "version": "latest"
              }
            ],
            "tags": {
              "costcenter": "demo",
              "environment": "dev",
              "owner": "leodeoraff",
              "purpose": "demonstration",
              "resource": "virtualmachine"
            },
            "termination_notification": null,
            "timeouts": null,
            "user_data": "",
            "virtual_machine_id": "8c11d385-e73a-4a10-869a-c2ece83b4618",
            "virtual_machine_scale_set_id": "",
            "vtpm_enabled": false,
            "zone": ""
          },
          "sensitive_attributes": [
            [
              {
                "type": "get_attr",
                "value": "admin_password"
              }
            ]
          ],
          "private": "eyJlMmJmYjczMC1lY2FhLTExZTYtOGY4OC0zNDM2M2JjN2M0YzAiOnsiY3JlYXRlIjoyNzAwMDAwMDAwMDAwLCJkZWxldGUiOjI3MDAwMDAwMDAwMDAsInJlYWQiOjMwMDAwMDAwMDAwMCwidXBkYXRlIjoyNzAwMDAwMDAwMDAwfX0=",
          "dependencies": [
            "azurerm_network_interface.nic",
            "azurerm_public_ip.publicip",
            "azurerm_resource_group.rg",
            "azurerm_subnet.azsubnet",
            "azurerm_virtual_network.vnet",
            "random_password.linux_vm_password"
          ]
        },
        {
          "index_key": 1,
          "schema_version": 0,
          "attributes": {
            "additional_capabilities": [],
            "admin_password": "IS33a_!T",
            "admin_ssh_key": [
              {
                "public_key": "ssh-rsa AAAAB3NzaC1yc2EAAAADAQABAAACAQClqyrrOtR4olHb/J/NBUKaeVlyxREsTCvtVlH/PqQDCZ933LpzXLZS5Xf03KookQJR6oceoNQaCN03QHJomYtsVzF3dYbRQJnKF4Igwy4NcIxPukHSbr8Tx1pQyp1vkQUPlm6l4REdICU2PHStQVD70B+BbkMEV0ZPed9vjdcutqCK/MW4dXtUFUNGr5Cy4M/0win95NmmXy5wzfuAQHedtOAjZQk17XdClddl0TG/sMzDjHRiVpEMqNPIejSyZhv+DRUrvdLEpt2gTaSpVYd37nUkTupkt/jDDdUEaN0gDaXM2khqIJ9lyNg+zsi4SlYny6C9/byDTNlQs+CXmFXefA8NKBq5JNRuUJfEFpv1La4Sap6zOY/D3bmaZefha3XkE9iUjsj0Tug1wdWI3C51WfuRKvNGPRTPIFqtGMcVa0qRpasDCDQhH7BmOr0Skg+CVQVpJuExEABOt3Ai9KDUgRrimdxKLh+jr393P13/oa1RUon+0HwLWCkLBONXYeTfFVRFg3kAfjJP5akQoIMHIsjtMUDUM0ltI14G/h9nIedBC9mIF8Z3i54JQTFFfuyBm9Vh61myZoR48g9DO0xDRPCCDXYWLrOMdt6CaFI1pbtTybcbD8o0PLupHbrhONjejfe4e+LRpVyDEn4Kifri9cCJDAGP8UxaUDoIN2/3Ow== ajrafferty67@gmail.com",
                "username": "adminuser"
              }
            ],
            "admin_username": "adminuser",
            "allow_extension_operations": true,
            "availability_set_id": "",
            "boot_diagnostics": [],
            "computer_name": "azure-linux-vm-1",
            "custom_data": null,
            "dedicated_host_group_id": "",
            "dedicated_host_id": "",
            "disable_password_authentication": false,
            "edge_zone": "",
            "encryption_at_host_enabled": false,
            "eviction_policy": "",
            "extensions_time_budget": "PT1H30M",
            "id": "/subscriptions/cfbfc6c9-d0ee-4d3d-93a2-5bfaaf1a8be1/resourceGroups/az-rg-001/providers/Microsoft.Compute/virtualMachines/azure-linux-vm-1",
            "identity": [],
            "license_type": "",
            "location": "australiaeast",
            "max_bid_price": -1,
            "name": "azure-linux-vm-1",
            "network_interface_ids": [
              "/subscriptions/cfbfc6c9-d0ee-4d3d-93a2-5bfaaf1a8be1/resourceGroups/az-rg-001/providers/Microsoft.Network/networkInterfaces/azure-linux-vm--nic-1"
            ],
            "os_disk": [
              {
                "caching": "ReadWrite",
                "diff_disk_settings": [],
                "disk_encryption_set_id": "",
                "disk_size_gb": 30,
                "name": "myosdisk1",
                "storage_account_type": "Standard_LRS",
                "write_accelerator_enabled": false
              }
            ],
            "patch_mode": "ImageDefault",
            "plan": [],
            "platform_fault_domain": -1,
            "priority": "Regular",
            "private_ip_address": "10.0.2.4",
            "private_ip_addresses": [
              "10.0.2.4"
            ],
            "provision_vm_agent": true,
            "proximity_placement_group_id": "",
            "public_ip_address": "20.70.173.38",
            "public_ip_addresses": [
              "20.70.173.38"
            ],
            "resource_group_name": "az-rg-001",
            "secret": [],
            "secure_boot_enabled": false,
            "size": "Standard_DS1_v2",
            "source_image_id": "",
            "source_image_reference": [
              {
                "offer": "UbuntuServer",
                "publisher": "Canonical",
                "sku": "18.04-LTS",
                "version": "latest"
              }
            ],
            "tags": {
              "costcenter": "demo",
              "environment": "dev",
              "owner": "leodeoraff",
              "purpose": "demonstration",
              "resource": "virtualmachine"
            },
            "termination_notification": null,
            "timeouts": null,
            "user_data": "",
            "virtual_machine_id": "3f0b967b-9ce8-45f9-bf74-0f667e61c93f",
            "virtual_machine_scale_set_id": "",
            "vtpm_enabled": false,
            "zone": ""
          },
          "sensitive_attributes": [
            [
              {
                "type": "get_attr",
                "value": "admin_password"
              }
            ]
          ],
          "private": "eyJlMmJmYjczMC1lY2FhLTExZTYtOGY4OC0zNDM2M2JjN2M0YzAiOnsiY3JlYXRlIjoyNzAwMDAwMDAwMDAwLCJkZWxldGUiOjI3MDAwMDAwMDAwMDAsInJlYWQiOjMwMDAwMDAwMDAwMCwidXBkYXRlIjoyNzAwMDAwMDAwMDAwfX0=",
          "dependencies": [
            "azurerm_network_interface.nic",
            "azurerm_public_ip.publicip",
            "azurerm_resource_group.rg",
            "azurerm_subnet.azsubnet",
            "azurerm_virtual_network.vnet",
            "random_password.linux_vm_password"
          ]
        }
      ]
    },
    {
      "mode": "managed",
      "type": "azurerm_network_interface",
      "name": "nic",
      "provider": "provider[\"registry.terraform.io/hashicorp/azurerm\"]",
      "instances": [
        {
          "index_key": 0,
          "schema_version": 0,
          "attributes": {
            "applied_dns_servers": [],
            "dns_servers": [],
            "edge_zone": "",
            "enable_accelerated_networking": false,
            "enable_ip_forwarding": false,
            "id": "/subscriptions/cfbfc6c9-d0ee-4d3d-93a2-5bfaaf1a8be1/resourceGroups/az-rg-001/providers/Microsoft.Network/networkInterfaces/azure-linux-vm--nic-0",
            "internal_dns_name_label": "",
            "internal_domain_name_suffix": "yhxinw015ywu1jazqgbgxvbqgg.px.internal.cloudapp.net",
            "ip_configuration": [
              {
                "gateway_load_balancer_frontend_ip_configuration_id": "",
                "name": "ipconfig-0",
                "primary": true,
                "private_ip_address": "10.0.2.5",
                "private_ip_address_allocation": "Dynamic",
                "private_ip_address_version": "IPv4",
                "public_ip_address_id": "/subscriptions/cfbfc6c9-d0ee-4d3d-93a2-5bfaaf1a8be1/resourceGroups/az-rg-001/providers/Microsoft.Network/publicIPAddresses/publicip0",
                "subnet_id": "/subscriptions/cfbfc6c9-d0ee-4d3d-93a2-5bfaaf1a8be1/resourceGroups/az-rg-001/providers/Microsoft.Network/virtualNetworks/az-vnet/subnets/default"
              }
            ],
            "location": "australiaeast",
            "mac_address": "",
            "name": "azure-linux-vm--nic-0",
            "private_ip_address": "10.0.2.5",
            "private_ip_addresses": [
              "10.0.2.5"
            ],
            "resource_group_name": "az-rg-001",
            "tags": null,
            "timeouts": null,
            "virtual_machine_id": ""
          },
          "sensitive_attributes": [],
          "private": "eyJlMmJmYjczMC1lY2FhLTExZTYtOGY4OC0zNDM2M2JjN2M0YzAiOnsiY3JlYXRlIjoxODAwMDAwMDAwMDAwLCJkZWxldGUiOjE4MDAwMDAwMDAwMDAsInJlYWQiOjMwMDAwMDAwMDAwMCwidXBkYXRlIjoxODAwMDAwMDAwMDAwfX0=",
          "dependencies": [
            "azurerm_public_ip.publicip",
            "azurerm_resource_group.rg",
            "azurerm_subnet.azsubnet",
            "azurerm_virtual_network.vnet"
          ]
        },
        {
          "index_key": 1,
          "schema_version": 0,
          "attributes": {
            "applied_dns_servers": [],
            "dns_servers": [],
            "edge_zone": "",
            "enable_accelerated_networking": false,
            "enable_ip_forwarding": false,
            "id": "/subscriptions/cfbfc6c9-d0ee-4d3d-93a2-5bfaaf1a8be1/resourceGroups/az-rg-001/providers/Microsoft.Network/networkInterfaces/azure-linux-vm--nic-1",
            "internal_dns_name_label": "",
            "internal_domain_name_suffix": "yhxinw015ywu1jazqgbgxvbqgg.px.internal.cloudapp.net",
            "ip_configuration": [
              {
                "gateway_load_balancer_frontend_ip_configuration_id": "",
                "name": "ipconfig-1",
                "primary": true,
                "private_ip_address": "10.0.2.4",
                "private_ip_address_allocation": "Dynamic",
                "private_ip_address_version": "IPv4",
                "public_ip_address_id": "/subscriptions/cfbfc6c9-d0ee-4d3d-93a2-5bfaaf1a8be1/resourceGroups/az-rg-001/providers/Microsoft.Network/publicIPAddresses/publicip1",
                "subnet_id": "/subscriptions/cfbfc6c9-d0ee-4d3d-93a2-5bfaaf1a8be1/resourceGroups/az-rg-001/providers/Microsoft.Network/virtualNetworks/az-vnet/subnets/default"
              }
            ],
            "location": "australiaeast",
            "mac_address": "",
            "name": "azure-linux-vm--nic-1",
            "private_ip_address": "10.0.2.4",
            "private_ip_addresses": [
              "10.0.2.4"
            ],
            "resource_group_name": "az-rg-001",
            "tags": null,
            "timeouts": null,
            "virtual_machine_id": ""
          },
          "sensitive_attributes": [],
          "private": "eyJlMmJmYjczMC1lY2FhLTExZTYtOGY4OC0zNDM2M2JjN2M0YzAiOnsiY3JlYXRlIjoxODAwMDAwMDAwMDAwLCJkZWxldGUiOjE4MDAwMDAwMDAwMDAsInJlYWQiOjMwMDAwMDAwMDAwMCwidXBkYXRlIjoxODAwMDAwMDAwMDAwfX0=",
          "dependencies": [
            "azurerm_public_ip.publicip",
            "azurerm_resource_group.rg",
            "azurerm_subnet.azsubnet",
            "azurerm_virtual_network.vnet"
          ]
        }
      ]
    },
    {
      "mode": "managed",
      "type": "azurerm_network_watcher",
      "name": "azurermNetworkWatcher",
      "provider": "provider[\"registry.terraform.io/hashicorp/azurerm\"]",
      "instances": [
        {
          "schema_version": 0,
          "attributes": {
            "id": "/subscriptions/cfbfc6c9-d0ee-4d3d-93a2-5bfaaf1a8be1/resourceGroups/NetworkWatcherRG/providers/Microsoft.Network/networkWatchers/NetworkWatcherRG",
            "location": "australiaeast",
            "name": "NetworkWatcherRG",
            "resource_group_name": "NetworkWatcherRG",
            "tags": null,
            "timeouts": null
          },
          "sensitive_attributes": [],
          "private": "eyJlMmJmYjczMC1lY2FhLTExZTYtOGY4OC0zNDM2M2JjN2M0YzAiOnsiY3JlYXRlIjoxODAwMDAwMDAwMDAwLCJkZWxldGUiOjE4MDAwMDAwMDAwMDAsInJlYWQiOjMwMDAwMDAwMDAwMCwidXBkYXRlIjoxODAwMDAwMDAwMDAwfX0=",
          "dependencies": [
            "azurerm_resource_group.azurermNetworkWatcher"
          ]
        }
      ]
    },
    {
      "mode": "managed",
      "type": "azurerm_public_ip",
      "name": "publicip",
      "provider": "provider[\"registry.terraform.io/hashicorp/azurerm\"]",
      "instances": [
        {
          "index_key": 0,
          "schema_version": 0,
          "attributes": {
            "allocation_method": "Static",
            "domain_name_label": null,
            "edge_zone": "",
            "fqdn": null,
            "id": "/subscriptions/cfbfc6c9-d0ee-4d3d-93a2-5bfaaf1a8be1/resourceGroups/az-rg-001/providers/Microsoft.Network/publicIPAddresses/publicip0",
            "idle_timeout_in_minutes": 4,
            "ip_address": "20.70.173.66",
            "ip_tags": null,
            "ip_version": "IPv4",
            "location": "australiaeast",
            "name": "publicip0",
            "public_ip_prefix_id": null,
            "resource_group_name": "az-rg-001",
            "reverse_fqdn": null,
            "sku": "Basic",
            "sku_tier": "Regional",
            "tags": null,
            "timeouts": null,
            "zones": null
          },
          "sensitive_attributes": [],
          "private": "eyJlMmJmYjczMC1lY2FhLTExZTYtOGY4OC0zNDM2M2JjN2M0YzAiOnsiY3JlYXRlIjoxODAwMDAwMDAwMDAwLCJkZWxldGUiOjE4MDAwMDAwMDAwMDAsInJlYWQiOjMwMDAwMDAwMDAwMCwidXBkYXRlIjoxODAwMDAwMDAwMDAwfX0=",
          "dependencies": [
            "azurerm_resource_group.rg"
          ]
        },
        {
          "index_key": 1,
          "schema_version": 0,
          "attributes": {
            "allocation_method": "Static",
            "domain_name_label": null,
            "edge_zone": "",
            "fqdn": null,
            "id": "/subscriptions/cfbfc6c9-d0ee-4d3d-93a2-5bfaaf1a8be1/resourceGroups/az-rg-001/providers/Microsoft.Network/publicIPAddresses/publicip1",
            "idle_timeout_in_minutes": 4,
            "ip_address": "20.70.173.38",
            "ip_tags": null,
            "ip_version": "IPv4",
            "location": "australiaeast",
            "name": "publicip1",
            "public_ip_prefix_id": null,
            "resource_group_name": "az-rg-001",
            "reverse_fqdn": null,
            "sku": "Basic",
            "sku_tier": "Regional",
            "tags": null,
            "timeouts": null,
            "zones": null
          },
          "sensitive_attributes": [],
          "private": "eyJlMmJmYjczMC1lY2FhLTExZTYtOGY4OC0zNDM2M2JjN2M0YzAiOnsiY3JlYXRlIjoxODAwMDAwMDAwMDAwLCJkZWxldGUiOjE4MDAwMDAwMDAwMDAsInJlYWQiOjMwMDAwMDAwMDAwMCwidXBkYXRlIjoxODAwMDAwMDAwMDAwfX0=",
          "dependencies": [
            "azurerm_resource_group.rg"
          ]
        }
      ]
    },
    {
      "mode": "managed",
      "type": "azurerm_resource_group",
      "name": "azurermNetworkWatcher",
      "provider": "provider[\"registry.terraform.io/hashicorp/azurerm\"]",
      "instances": [
        {
          "schema_version": 0,
          "attributes": {
            "id": "/subscriptions/cfbfc6c9-d0ee-4d3d-93a2-5bfaaf1a8be1/resourceGroups/NetworkWatcherRG",
            "location": "australiaeast",
            "name": "NetworkWatcherRG",
            "tags": null,
            "timeouts": null
          },
          "sensitive_attributes": [],
          "private": "eyJlMmJmYjczMC1lY2FhLTExZTYtOGY4OC0zNDM2M2JjN2M0YzAiOnsiY3JlYXRlIjo1NDAwMDAwMDAwMDAwLCJkZWxldGUiOjU0MDAwMDAwMDAwMDAsInJlYWQiOjMwMDAwMDAwMDAwMCwidXBkYXRlIjo1NDAwMDAwMDAwMDAwfX0="
        }
      ]
    },
    {
      "mode": "managed",
      "type": "azurerm_resource_group",
      "name": "rg",
      "provider": "provider[\"registry.terraform.io/hashicorp/azurerm\"]",
      "instances": [
        {
          "schema_version": 0,
          "attributes": {
            "id": "/subscriptions/cfbfc6c9-d0ee-4d3d-93a2-5bfaaf1a8be1/resourceGroups/az-rg-001",
            "location": "australiaeast",
            "name": "az-rg-001",
            "tags": {
              "environment": "demo",
              "owner": "leodeo",
              "purpose": "TFdemo"
            },
            "timeouts": null
          },
          "sensitive_attributes": [],
          "private": "eyJlMmJmYjczMC1lY2FhLTExZTYtOGY4OC0zNDM2M2JjN2M0YzAiOnsiY3JlYXRlIjo1NDAwMDAwMDAwMDAwLCJkZWxldGUiOjU0MDAwMDAwMDAwMDAsInJlYWQiOjMwMDAwMDAwMDAwMCwidXBkYXRlIjo1NDAwMDAwMDAwMDAwfX0="
        }
      ]
    },
    {
      "mode": "managed",
      "type": "azurerm_storage_account",
      "name": "azstorage",
      "provider": "provider[\"registry.terraform.io/hashicorp/azurerm\"]",
      "instances": [
        {
          "schema_version": 3,
          "attributes": {
            "access_tier": "Hot",
            "account_kind": "StorageV2",
            "account_replication_type": "LRS",
            "account_tier": "Standard",
            "allow_nested_items_to_be_public": true,
            "azure_files_authentication": [],
            "blob_properties": [
              {
                "change_feed_enabled": false,
                "container_delete_retention_policy": [],
                "cors_rule": [],
                "default_service_version": "",
                "delete_retention_policy": [],
                "last_access_time_enabled": false,
                "versioning_enabled": false
              }
            ],
            "custom_domain": [],
            "customer_managed_key": [],
            "edge_zone": "",
            "enable_https_traffic_only": true,
            "id": "/subscriptions/cfbfc6c9-d0ee-4d3d-93a2-5bfaaf1a8be1/resourceGroups/az-rg-001/providers/Microsoft.Storage/storageAccounts/leodeoraffsa",
            "identity": [],
            "infrastructure_encryption_enabled": false,
            "is_hns_enabled": false,
            "large_file_share_enabled": null,
            "location": "australiaeast",
            "min_tls_version": "TLS1_2",
            "name": "leodeoraffsa",
            "network_rules": [
              {
                "bypass": [
                  "AzureServices"
                ],
                "default_action": "Allow",
                "ip_rules": [],
                "private_link_access": [],
                "virtual_network_subnet_ids": []
              }
            ],
            "nfsv3_enabled": false,
            "primary_access_key": "lN6gU7wo99QtSnyNqELPXcWgo65a2SUgFlmF/vSELo2/6wvXkyeCmeAdivqRu0Fp0vnqNFAFU0q7+AStWgsblg==",
            "primary_blob_connection_string": "DefaultEndpointsProtocol=https;BlobEndpoint=https://leodeoraffsa.blob.core.windows.net/;AccountName=leodeoraffsa;AccountKey=lN6gU7wo99QtSnyNqELPXcWgo65a2SUgFlmF/vSELo2/6wvXkyeCmeAdivqRu0Fp0vnqNFAFU0q7+AStWgsblg==",
            "primary_blob_endpoint": "https://leodeoraffsa.blob.core.windows.net/",
            "primary_blob_host": "leodeoraffsa.blob.core.windows.net",
            "primary_connection_string": "DefaultEndpointsProtocol=https;AccountName=leodeoraffsa;AccountKey=lN6gU7wo99QtSnyNqELPXcWgo65a2SUgFlmF/vSELo2/6wvXkyeCmeAdivqRu0Fp0vnqNFAFU0q7+AStWgsblg==;EndpointSuffix=core.windows.net",
            "primary_dfs_endpoint": "https://leodeoraffsa.dfs.core.windows.net/",
            "primary_dfs_host": "leodeoraffsa.dfs.core.windows.net",
            "primary_file_endpoint": "https://leodeoraffsa.file.core.windows.net/",
            "primary_file_host": "leodeoraffsa.file.core.windows.net",
            "primary_location": "australiaeast",
            "primary_queue_endpoint": "https://leodeoraffsa.queue.core.windows.net/",
            "primary_queue_host": "leodeoraffsa.queue.core.windows.net",
            "primary_table_endpoint": "https://leodeoraffsa.table.core.windows.net/",
            "primary_table_host": "leodeoraffsa.table.core.windows.net",
            "primary_web_endpoint": "https://leodeoraffsa.z8.web.core.windows.net/",
            "primary_web_host": "leodeoraffsa.z8.web.core.windows.net",
            "queue_encryption_key_type": "Service",
            "queue_properties": [
              {
                "cors_rule": [],
                "hour_metrics": [
                  {
                    "enabled": true,
                    "include_apis": true,
                    "retention_policy_days": 7,
                    "version": "1.0"
                  }
                ],
                "logging": [
                  {
                    "delete": false,
                    "read": false,
                    "retention_policy_days": 0,
                    "version": "1.0",
                    "write": false
                  }
                ],
                "minute_metrics": [
                  {
                    "enabled": false,
                    "include_apis": false,
                    "retention_policy_days": 0,
                    "version": "1.0"
                  }
                ]
              }
            ],
            "resource_group_name": "az-rg-001",
            "routing": [],
            "secondary_access_key": "JuoopXVpilAOiwuazP7QSAOPOKiN066A2VmSezFJ6tpz+MKDpHLCQ0jJxyNeXmJpKCpjMeea5iK1+AStwAejKQ==",
            "secondary_blob_connection_string": "",
            "secondary_blob_endpoint": null,
            "secondary_blob_host": null,
            "secondary_connection_string": "DefaultEndpointsProtocol=https;AccountName=leodeoraffsa;AccountKey=JuoopXVpilAOiwuazP7QSAOPOKiN066A2VmSezFJ6tpz+MKDpHLCQ0jJxyNeXmJpKCpjMeea5iK1+AStwAejKQ==;EndpointSuffix=core.windows.net",
            "secondary_dfs_endpoint": null,
            "secondary_dfs_host": null,
            "secondary_file_endpoint": null,
            "secondary_file_host": null,
            "secondary_location": "",
            "secondary_queue_endpoint": null,
            "secondary_queue_host": null,
            "secondary_table_endpoint": null,
            "secondary_table_host": null,
            "secondary_web_endpoint": null,
            "secondary_web_host": null,
            "share_properties": [
              {
                "cors_rule": [],
                "retention_policy": [
                  {
                    "days": 7
                  }
                ],
                "smb": []
              }
            ],
            "shared_access_key_enabled": true,
            "static_website": [],
            "table_encryption_key_type": "Service",
            "tags": {
              "environment": "demo",
              "owner": "leodeo",
              "purpose": "TFdemo"
            },
            "timeouts": null
          },
          "sensitive_attributes": [],
          "private": "eyJlMmJmYjczMC1lY2FhLTExZTYtOGY4OC0zNDM2M2JjN2M0YzAiOnsiY3JlYXRlIjozNjAwMDAwMDAwMDAwLCJkZWxldGUiOjM2MDAwMDAwMDAwMDAsInJlYWQiOjMwMDAwMDAwMDAwMCwidXBkYXRlIjozNjAwMDAwMDAwMDAwfSwic2NoZW1hX3ZlcnNpb24iOiIzIn0=",
          "dependencies": [
            "azurerm_resource_group.rg"
          ]
        }
      ]
    },
    {
      "mode": "managed",
      "type": "azurerm_storage_container",
      "name": "azstoragecontainer",
      "provider": "provider[\"registry.terraform.io/hashicorp/azurerm\"]",
      "instances": [
        {
          "index_key": 0,
          "schema_version": 1,
          "attributes": {
            "container_access_type": "private",
            "has_immutability_policy": false,
            "has_legal_hold": false,
            "id": "https://leodeoraffsa.blob.core.windows.net/leodeoraffsc-0",
            "metadata": {},
            "name": "leodeoraffsc-0",
            "resource_manager_id": "/subscriptions/cfbfc6c9-d0ee-4d3d-93a2-5bfaaf1a8be1/resourceGroups/az-rg-001/providers/Microsoft.Storage/storageAccounts/leodeoraffsa/blobServices/default/containers/leodeoraffsc-0",
            "storage_account_name": "leodeoraffsa",
            "timeouts": null
          },
          "sensitive_attributes": [],
          "private": "eyJlMmJmYjczMC1lY2FhLTExZTYtOGY4OC0zNDM2M2JjN2M0YzAiOnsiY3JlYXRlIjoxODAwMDAwMDAwMDAwLCJkZWxldGUiOjE4MDAwMDAwMDAwMDAsInJlYWQiOjMwMDAwMDAwMDAwMCwidXBkYXRlIjoxODAwMDAwMDAwMDAwfSwic2NoZW1hX3ZlcnNpb24iOiIxIn0=",
          "dependencies": [
            "azurerm_resource_group.rg",
            "azurerm_storage_account.azstorage"
          ]
        },
        {
          "index_key": 1,
          "schema_version": 1,
          "attributes": {
            "container_access_type": "private",
            "has_immutability_policy": false,
            "has_legal_hold": false,
            "id": "https://leodeoraffsa.blob.core.windows.net/leodeoraffsc-1",
            "metadata": {},
            "name": "leodeoraffsc-1",
            "resource_manager_id": "/subscriptions/cfbfc6c9-d0ee-4d3d-93a2-5bfaaf1a8be1/resourceGroups/az-rg-001/providers/Microsoft.Storage/storageAccounts/leodeoraffsa/blobServices/default/containers/leodeoraffsc-1",
            "storage_account_name": "leodeoraffsa",
            "timeouts": null
          },
          "sensitive_attributes": [],
          "private": "eyJlMmJmYjczMC1lY2FhLTExZTYtOGY4OC0zNDM2M2JjN2M0YzAiOnsiY3JlYXRlIjoxODAwMDAwMDAwMDAwLCJkZWxldGUiOjE4MDAwMDAwMDAwMDAsInJlYWQiOjMwMDAwMDAwMDAwMCwidXBkYXRlIjoxODAwMDAwMDAwMDAwfSwic2NoZW1hX3ZlcnNpb24iOiIxIn0=",
          "dependencies": [
            "azurerm_resource_group.rg",
            "azurerm_storage_account.azstorage"
          ]
        }
      ]
    },
    {
      "mode": "managed",
      "type": "azurerm_subnet",
      "name": "azsubnet",
      "provider": "provider[\"registry.terraform.io/hashicorp/azurerm\"]",
      "instances": [
        {
          "schema_version": 0,
          "attributes": {
            "address_prefixes": [
              "10.0.2.0/23"
            ],
            "delegation": [],
            "enforce_private_link_endpoint_network_policies": false,
            "enforce_private_link_service_network_policies": false,
            "id": "/subscriptions/cfbfc6c9-d0ee-4d3d-93a2-5bfaaf1a8be1/resourceGroups/az-rg-001/providers/Microsoft.Network/virtualNetworks/az-vnet/subnets/default",
            "name": "default",
            "resource_group_name": "az-rg-001",
            "service_endpoint_policy_ids": null,
            "service_endpoints": null,
            "timeouts": null,
            "virtual_network_name": "az-vnet"
          },
          "sensitive_attributes": [],
          "private": "eyJlMmJmYjczMC1lY2FhLTExZTYtOGY4OC0zNDM2M2JjN2M0YzAiOnsiY3JlYXRlIjoxODAwMDAwMDAwMDAwLCJkZWxldGUiOjE4MDAwMDAwMDAwMDAsInJlYWQiOjMwMDAwMDAwMDAwMCwidXBkYXRlIjoxODAwMDAwMDAwMDAwfX0=",
          "dependencies": [
            "azurerm_resource_group.rg",
            "azurerm_virtual_network.vnet"
          ]
        }
      ]
    },
    {
      "mode": "managed",
      "type": "azurerm_virtual_network",
      "name": "vnet",
      "provider": "provider[\"registry.terraform.io/hashicorp/azurerm\"]",
      "instances": [
        {
          "schema_version": 0,
          "attributes": {
            "address_space": [
              "10.0.2.0/23"
            ],
            "bgp_community": "",
            "ddos_protection_plan": [],
            "dns_servers": [],
            "edge_zone": "",
            "flow_timeout_in_minutes": 0,
            "guid": "db86eec1-fe5b-4d2d-a419-81826bd43036",
            "id": "/subscriptions/cfbfc6c9-d0ee-4d3d-93a2-5bfaaf1a8be1/resourceGroups/az-rg-001/providers/Microsoft.Network/virtualNetworks/az-vnet",
            "location": "australiaeast",
            "name": "az-vnet",
            "resource_group_name": "az-rg-001",
            "subnet": [],
            "tags": null,
            "timeouts": null
          },
          "sensitive_attributes": [],
          "private": "eyJlMmJmYjczMC1lY2FhLTExZTYtOGY4OC0zNDM2M2JjN2M0YzAiOnsiY3JlYXRlIjoxODAwMDAwMDAwMDAwLCJkZWxldGUiOjE4MDAwMDAwMDAwMDAsInJlYWQiOjMwMDAwMDAwMDAwMCwidXBkYXRlIjoxODAwMDAwMDAwMDAwfX0=",
          "dependencies": [
            "azurerm_resource_group.rg"
          ]
        }
      ]
    },
    {
      "mode": "managed",
      "type": "random_password",
      "name": "linux_vm_password",
      "provider": "provider[\"registry.terraform.io/hashicorp/random\"]",
      "instances": [
        {
          "schema_version": 0,
          "attributes": {
            "id": "none",
            "keepers": null,
            "length": 8,
            "lower": true,
            "min_lower": 0,
            "min_numeric": 0,
            "min_special": 0,
            "min_upper": 0,
            "number": true,
            "override_special": null,
            "result": "IS33a_!T",
            "special": true,
            "upper": true
          },
          "sensitive_attributes": [],
          "private": "bnVsbA=="
        }
      ]
    }
  ],
  "check_results": null
}
