{
  "version": 4,
  "terraform_version": "1.5.4",
  "serial": 229,
  "lineage": "2d297120-c558-f9a5-62ca-777f35f71c15",
  "outputs": {
    "azurerm_linux_virtual_machine": {
      "value": [
        "azure-linux-vm-0",
        "azure-linux-vm-1"
      ],
      "type": [
        "tuple",
        [
          "string",
          "string"
        ]
      ]
    },
    "azurerm_resource_group": {
      "value": [
        "az-ae-devrg1",
        "az-se-devrg2",
        "az-ae-devrg3",
        "az-se-devrg4"
      ],
      "type": [
        "tuple",
        [
          "string",
          "string",
          "string",
          "string"
        ]
      ]
    },
    "generated_password": {
      "value": "=%F1)7f_",
      "type": "string",
      "sensitive": true
    }
  },
  "resources": [
    {
      "mode": "managed",
      "type": "azurerm_linux_virtual_machine",
      "name": "vm",
      "provider": "provider[\"registry.terraform.io/hashicorp/azurerm\"]",
      "instances": [
        {
          "index_key": 0,
          "schema_version": 0,
          "attributes": {
            "additional_capabilities": [],
            "admin_password": "=%F1)7f_",
            "admin_ssh_key": [
              {
                "public_key": "ssh-rsa AAAAB3NzaC1yc2EAAAADAQABAAACAQClqyrrOtR4olHb/J/NBUKaeVlyxREsTCvtVlH/PqQDCZ933LpzXLZS5Xf03KookQJR6oceoNQaCN03QHJomYtsVzF3dYbRQJnKF4Igwy4NcIxPukHSbr8Tx1pQyp1vkQUPlm6l4REdICU2PHStQVD70B+BbkMEV0ZPed9vjdcutqCK/MW4dXtUFUNGr5Cy4M/0win95NmmXy5wzfuAQHedtOAjZQk17XdClddl0TG/sMzDjHRiVpEMqNPIejSyZhv+DRUrvdLEpt2gTaSpVYd37nUkTupkt/jDDdUEaN0gDaXM2khqIJ9lyNg+zsi4SlYny6C9/byDTNlQs+CXmFXefA8NKBq5JNRuUJfEFpv1La4Sap6zOY/D3bmaZefha3XkE9iUjsj0Tug1wdWI3C51WfuRKvNGPRTPIFqtGMcVa0qRpasDCDQhH7BmOr0Skg+CVQVpJuExEABOt3Ai9KDUgRrimdxKLh+jr393P13/oa1RUon+0HwLWCkLBONXYeTfFVRFg3kAfjJP5akQoIMHIsjtMUDUM0ltI14G/h9nIedBC9mIF8Z3i54JQTFFfuyBm9Vh61myZoR48g9DO0xDRPCCDXYWLrOMdt6CaFI1pbtTybcbD8o0PLupHbrhONjejfe4e+LRpVyDEn4Kifri9cCJDAGP8UxaUDoIN2/3Ow== ajrafferty67@gmail.com",
                "username": "adminuser"
              }
            ],
            "admin_username": "adminuser",
            "allow_extension_operations": true,
            "availability_set_id": "",
            "boot_diagnostics": [],
            "computer_name": "azure-linux-vm-0",
            "custom_data": null,
            "dedicated_host_group_id": "",
            "dedicated_host_id": "",
            "disable_password_authentication": false,
            "edge_zone": "",
            "encryption_at_host_enabled": false,
            "eviction_policy": "",
            "extensions_time_budget": "PT1H30M",
            "id": "/subscriptions/cfbfc6c9-d0ee-4d3d-93a2-5bfaaf1a8be1/resourceGroups/az-ae-devrg1/providers/Microsoft.Compute/virtualMachines/azure-linux-vm-0",
            "identity": [],
            "license_type": "",
            "location": "australiaeast",
            "max_bid_price": -1,
            "name": "azure-linux-vm-0",
            "network_interface_ids": [
              "/subscriptions/cfbfc6c9-d0ee-4d3d-93a2-5bfaaf1a8be1/resourceGroups/az-ae-devrg1/providers/Microsoft.Network/networkInterfaces/azure-linux-vm--nic-0"
            ],
            "os_disk": [
              {
                "caching": "ReadWrite",
                "diff_disk_settings": [],
                "disk_encryption_set_id": "",
                "disk_size_gb": 30,
                "name": "myosdisk0",
                "storage_account_type": "Standard_LRS",
                "write_accelerator_enabled": false
              }
            ],
            "patch_mode": "ImageDefault",
            "plan": [],
            "platform_fault_domain": -1,
            "priority": "Regular",
            "private_ip_address": "10.0.2.4",
            "private_ip_addresses": [
              "10.0.2.4"
            ],
            "provision_vm_agent": true,
            "proximity_placement_group_id": "",
            "public_ip_address": "4.197.4.79",
            "public_ip_addresses": [
              "4.197.4.79"
            ],
            "resource_group_name": "az-ae-devrg1",
            "secret": [],
            "secure_boot_enabled": false,
            "size": "Standard_DS1_v2",
            "source_image_id": "",
            "source_image_reference": [
              {
                "offer": "UbuntuServer",
                "publisher": "Canonical",
                "sku": "18.04-LTS",
                "version": "latest"
              }
            ],
            "tags": {
              "costcenter": "demo",
              "environment": "dev",
              "owner": "leodeoraff",
              "purpose": "demonstration",
              "resource": "virtualmachine"
            },
            "termination_notification": null,
            "timeouts": null,
            "user_data": "",
            "virtual_machine_id": "ccdf1c58-cf36-4369-8a61-e35d44629f90",
            "virtual_machine_scale_set_id": "",
            "vtpm_enabled": false,
            "zone": ""
          },
          "sensitive_attributes": [
            [
              {
                "type": "get_attr",
                "value": "admin_password"
              }
            ]
          ],
          "private": "eyJlMmJmYjczMC1lY2FhLTExZTYtOGY4OC0zNDM2M2JjN2M0YzAiOnsiY3JlYXRlIjoyNzAwMDAwMDAwMDAwLCJkZWxldGUiOjI3MDAwMDAwMDAwMDAsInJlYWQiOjMwMDAwMDAwMDAwMCwidXBkYXRlIjoyNzAwMDAwMDAwMDAwfX0=",
          "dependencies": [
            "azurerm_network_interface.nic",
            "azurerm_public_ip.publicip",
            "azurerm_resource_group.rg",
            "azurerm_subnet.azsubnet",
            "azurerm_virtual_network.vnet",
            "random_password.linux_vm_password"
          ]
        },
        {
          "index_key": 1,
          "schema_version": 0,
          "attributes": {
            "additional_capabilities": [],
            "admin_password": "=%F1)7f_",
            "admin_ssh_key": [
              {
                "public_key": "ssh-rsa AAAAB3NzaC1yc2EAAAADAQABAAACAQClqyrrOtR4olHb/J/NBUKaeVlyxREsTCvtVlH/PqQDCZ933LpzXLZS5Xf03KookQJR6oceoNQaCN03QHJomYtsVzF3dYbRQJnKF4Igwy4NcIxPukHSbr8Tx1pQyp1vkQUPlm6l4REdICU2PHStQVD70B+BbkMEV0ZPed9vjdcutqCK/MW4dXtUFUNGr5Cy4M/0win95NmmXy5wzfuAQHedtOAjZQk17XdClddl0TG/sMzDjHRiVpEMqNPIejSyZhv+DRUrvdLEpt2gTaSpVYd37nUkTupkt/jDDdUEaN0gDaXM2khqIJ9lyNg+zsi4SlYny6C9/byDTNlQs+CXmFXefA8NKBq5JNRuUJfEFpv1La4Sap6zOY/D3bmaZefha3XkE9iUjsj0Tug1wdWI3C51WfuRKvNGPRTPIFqtGMcVa0qRpasDCDQhH7BmOr0Skg+CVQVpJuExEABOt3Ai9KDUgRrimdxKLh+jr393P13/oa1RUon+0HwLWCkLBONXYeTfFVRFg3kAfjJP5akQoIMHIsjtMUDUM0ltI14G/h9nIedBC9mIF8Z3i54JQTFFfuyBm9Vh61myZoR48g9DO0xDRPCCDXYWLrOMdt6CaFI1pbtTybcbD8o0PLupHbrhONjejfe4e+LRpVyDEn4Kifri9cCJDAGP8UxaUDoIN2/3Ow== ajrafferty67@gmail.com",
                "username": "adminuser"
              }
            ],
            "admin_username": "adminuser",
            "allow_extension_operations": true,
            "availability_set_id": "",
            "boot_diagnostics": [],
            "computer_name": "azure-linux-vm-1",
            "custom_data": null,
            "dedicated_host_group_id": "",
            "dedicated_host_id": "",
            "disable_password_authentication": false,
            "edge_zone": "",
            "encryption_at_host_enabled": false,
            "eviction_policy": "",
            "extensions_time_budget": "PT1H30M",
            "id": "/subscriptions/cfbfc6c9-d0ee-4d3d-93a2-5bfaaf1a8be1/resourceGroups/az-se-devrg2/providers/Microsoft.Compute/virtualMachines/azure-linux-vm-1",
            "identity": [],
            "license_type": "",
            "location": "australiaeast",
            "max_bid_price": -1,
            "name": "azure-linux-vm-1",
            "network_interface_ids": [
              "/subscriptions/cfbfc6c9-d0ee-4d3d-93a2-5bfaaf1a8be1/resourceGroups/az-se-devrg2/providers/Microsoft.Network/networkInterfaces/azure-linux-vm--nic-1"
            ],
            "os_disk": [
              {
                "caching": "ReadWrite",
                "diff_disk_settings": [],
                "disk_encryption_set_id": "",
                "disk_size_gb": 30,
                "name": "myosdisk1",
                "storage_account_type": "Standard_LRS",
                "write_accelerator_enabled": false
              }
            ],
            "patch_mode": "ImageDefault",
            "plan": [],
            "platform_fault_domain": -1,
            "priority": "Regular",
            "private_ip_address": "10.0.2.4",
            "private_ip_addresses": [
              "10.0.2.4"
            ],
            "provision_vm_agent": true,
            "proximity_placement_group_id": "",
            "public_ip_address": "4.197.4.58",
            "public_ip_addresses": [
              "4.197.4.58"
            ],
            "resource_group_name": "az-se-devrg2",
            "secret": [],
            "secure_boot_enabled": false,
            "size": "Standard_DS1_v2",
            "source_image_id": "",
            "source_image_reference": [
              {
                "offer": "UbuntuServer",
                "publisher": "Canonical",
                "sku": "18.04-LTS",
                "version": "latest"
              }
            ],
            "tags": {
              "costcenter": "demo",
              "environment": "dev",
              "owner": "leodeoraff",
              "purpose": "demonstration",
              "resource": "virtualmachine"
            },
            "termination_notification": null,
            "timeouts": null,
            "user_data": "",
            "virtual_machine_id": "5e75a98e-9564-4b9c-816e-81f1d7901d63",
            "virtual_machine_scale_set_id": "",
            "vtpm_enabled": false,
            "zone": ""
          },
          "sensitive_attributes": [
            [
              {
                "type": "get_attr",
                "value": "admin_password"
              }
            ]
          ],
          "private": "eyJlMmJmYjczMC1lY2FhLTExZTYtOGY4OC0zNDM2M2JjN2M0YzAiOnsiY3JlYXRlIjoyNzAwMDAwMDAwMDAwLCJkZWxldGUiOjI3MDAwMDAwMDAwMDAsInJlYWQiOjMwMDAwMDAwMDAwMCwidXBkYXRlIjoyNzAwMDAwMDAwMDAwfX0=",
          "dependencies": [
            "azurerm_network_interface.nic",
            "azurerm_public_ip.publicip",
            "azurerm_resource_group.rg",
            "azurerm_subnet.azsubnet",
            "azurerm_virtual_network.vnet",
            "random_password.linux_vm_password"
          ]
        }
      ]
    },
    {
      "mode": "managed",
      "type": "azurerm_network_interface",
      "name": "nic",
      "provider": "provider[\"registry.terraform.io/hashicorp/azurerm\"]",
      "instances": [
        {
          "index_key": 0,
          "schema_version": 0,
          "attributes": {
            "applied_dns_servers": [],
            "dns_servers": [],
            "edge_zone": "",
            "enable_accelerated_networking": false,
            "enable_ip_forwarding": false,
            "id": "/subscriptions/cfbfc6c9-d0ee-4d3d-93a2-5bfaaf1a8be1/resourceGroups/az-ae-devrg1/providers/Microsoft.Network/networkInterfaces/azure-linux-vm--nic-0",
            "internal_dns_name_label": "",
            "internal_domain_name_suffix": "gknfge2r2u5e3bm2acrcoblkgf.px.internal.cloudapp.net",
            "ip_configuration": [
              {
                "gateway_load_balancer_frontend_ip_configuration_id": "",
                "name": "ipconfig-0",
                "primary": true,
                "private_ip_address": "10.0.2.4",
                "private_ip_address_allocation": "Dynamic",
                "private_ip_address_version": "IPv4",
                "public_ip_address_id": "/subscriptions/cfbfc6c9-d0ee-4d3d-93a2-5bfaaf1a8be1/resourceGroups/az-ae-devrg1/providers/Microsoft.Network/publicIPAddresses/publicip0",
                "subnet_id": "/subscriptions/cfbfc6c9-d0ee-4d3d-93a2-5bfaaf1a8be1/resourceGroups/az-ae-devrg1/providers/Microsoft.Network/virtualNetworks/az-vnet/subnets/default"
              }
            ],
            "location": "australiaeast",
            "mac_address": "",
            "name": "azure-linux-vm--nic-0",
            "private_ip_address": "10.0.2.4",
            "private_ip_addresses": [
              "10.0.2.4"
            ],
            "resource_group_name": "az-ae-devrg1",
            "tags": null,
            "timeouts": null,
            "virtual_machine_id": ""
          },
          "sensitive_attributes": [],
          "private": "eyJlMmJmYjczMC1lY2FhLTExZTYtOGY4OC0zNDM2M2JjN2M0YzAiOnsiY3JlYXRlIjoxODAwMDAwMDAwMDAwLCJkZWxldGUiOjE4MDAwMDAwMDAwMDAsInJlYWQiOjMwMDAwMDAwMDAwMCwidXBkYXRlIjoxODAwMDAwMDAwMDAwfX0=",
          "dependencies": [
            "azurerm_public_ip.publicip",
            "azurerm_resource_group.rg",
            "azurerm_subnet.azsubnet",
            "azurerm_virtual_network.vnet"
          ]
        },
        {
          "index_key": 1,
          "schema_version": 0,
          "attributes": {
            "applied_dns_servers": [],
            "dns_servers": [],
            "edge_zone": "",
            "enable_accelerated_networking": false,
            "enable_ip_forwarding": false,
            "id": "/subscriptions/cfbfc6c9-d0ee-4d3d-93a2-5bfaaf1a8be1/resourceGroups/az-se-devrg2/providers/Microsoft.Network/networkInterfaces/azure-linux-vm--nic-1",
            "internal_dns_name_label": "",
            "internal_domain_name_suffix": "w0rlj5dyxmwehmompi4bnq2bpb.px.internal.cloudapp.net",
            "ip_configuration": [
              {
                "gateway_load_balancer_frontend_ip_configuration_id": "",
                "name": "ipconfig-1",
                "primary": true,
                "private_ip_address": "10.0.2.4",
                "private_ip_address_allocation": "Dynamic",
                "private_ip_address_version": "IPv4",
                "public_ip_address_id": "/subscriptions/cfbfc6c9-d0ee-4d3d-93a2-5bfaaf1a8be1/resourceGroups/az-se-devrg2/providers/Microsoft.Network/publicIPAddresses/publicip1",
                "subnet_id": "/subscriptions/cfbfc6c9-d0ee-4d3d-93a2-5bfaaf1a8be1/resourceGroups/az-se-devrg2/providers/Microsoft.Network/virtualNetworks/az-vnet/subnets/default"
              }
            ],
            "location": "australiaeast",
            "mac_address": "",
            "name": "azure-linux-vm--nic-1",
            "private_ip_address": "10.0.2.4",
            "private_ip_addresses": [
              "10.0.2.4"
            ],
            "resource_group_name": "az-se-devrg2",
            "tags": null,
            "timeouts": null,
            "virtual_machine_id": ""
          },
          "sensitive_attributes": [],
          "private": "eyJlMmJmYjczMC1lY2FhLTExZTYtOGY4OC0zNDM2M2JjN2M0YzAiOnsiY3JlYXRlIjoxODAwMDAwMDAwMDAwLCJkZWxldGUiOjE4MDAwMDAwMDAwMDAsInJlYWQiOjMwMDAwMDAwMDAwMCwidXBkYXRlIjoxODAwMDAwMDAwMDAwfX0=",
          "dependencies": [
            "azurerm_public_ip.publicip",
            "azurerm_resource_group.rg",
            "azurerm_subnet.azsubnet",
            "azurerm_virtual_network.vnet"
          ]
        }
      ]
    },
    {
      "mode": "managed",
      "type": "azurerm_network_watcher",
      "name": "azurermNetworkWatcher",
      "provider": "provider[\"registry.terraform.io/hashicorp/azurerm\"]",
      "instances": [
        {
          "schema_version": 0,
          "attributes": {
            "id": "/subscriptions/cfbfc6c9-d0ee-4d3d-93a2-5bfaaf1a8be1/resourceGroups/NetworkWatcherRG/providers/Microsoft.Network/networkWatchers/NetworkWatcherRG",
            "location": "australiaeast",
            "name": "NetworkWatcherRG",
            "resource_group_name": "NetworkWatcherRG",
            "tags": null,
            "timeouts": null
          },
          "sensitive_attributes": [],
          "private": "eyJlMmJmYjczMC1lY2FhLTExZTYtOGY4OC0zNDM2M2JjN2M0YzAiOnsiY3JlYXRlIjoxODAwMDAwMDAwMDAwLCJkZWxldGUiOjE4MDAwMDAwMDAwMDAsInJlYWQiOjMwMDAwMDAwMDAwMCwidXBkYXRlIjoxODAwMDAwMDAwMDAwfX0=",
          "dependencies": [
            "azurerm_resource_group.azurermNetworkWatcher"
          ]
        }
      ]
    },
    {
      "mode": "managed",
      "type": "azurerm_public_ip",
      "name": "publicip",
      "provider": "provider[\"registry.terraform.io/hashicorp/azurerm\"]",
      "instances": [
        {
          "index_key": 0,
          "schema_version": 0,
          "attributes": {
            "allocation_method": "Static",
            "domain_name_label": null,
            "edge_zone": "",
            "fqdn": null,
            "id": "/subscriptions/cfbfc6c9-d0ee-4d3d-93a2-5bfaaf1a8be1/resourceGroups/az-ae-devrg1/providers/Microsoft.Network/publicIPAddresses/publicip0",
            "idle_timeout_in_minutes": 4,
            "ip_address": "4.197.4.79",
            "ip_tags": null,
            "ip_version": "IPv4",
            "location": "australiaeast",
            "name": "publicip0",
            "public_ip_prefix_id": null,
            "resource_group_name": "az-ae-devrg1",
            "reverse_fqdn": null,
            "sku": "Basic",
            "sku_tier": "Regional",
            "tags": null,
            "timeouts": null,
            "zones": null
          },
          "sensitive_attributes": [],
          "private": "eyJlMmJmYjczMC1lY2FhLTExZTYtOGY4OC0zNDM2M2JjN2M0YzAiOnsiY3JlYXRlIjoxODAwMDAwMDAwMDAwLCJkZWxldGUiOjE4MDAwMDAwMDAwMDAsInJlYWQiOjMwMDAwMDAwMDAwMCwidXBkYXRlIjoxODAwMDAwMDAwMDAwfX0=",
          "dependencies": [
            "azurerm_resource_group.rg"
          ]
        },
        {
          "index_key": 1,
          "schema_version": 0,
          "attributes": {
            "allocation_method": "Static",
            "domain_name_label": null,
            "edge_zone": "",
            "fqdn": null,
            "id": "/subscriptions/cfbfc6c9-d0ee-4d3d-93a2-5bfaaf1a8be1/resourceGroups/az-se-devrg2/providers/Microsoft.Network/publicIPAddresses/publicip1",
            "idle_timeout_in_minutes": 4,
            "ip_address": "4.197.4.58",
            "ip_tags": null,
            "ip_version": "IPv4",
            "location": "australiaeast",
            "name": "publicip1",
            "public_ip_prefix_id": null,
            "resource_group_name": "az-se-devrg2",
            "reverse_fqdn": null,
            "sku": "Basic",
            "sku_tier": "Regional",
            "tags": null,
            "timeouts": null,
            "zones": null
          },
          "sensitive_attributes": [],
          "private": "eyJlMmJmYjczMC1lY2FhLTExZTYtOGY4OC0zNDM2M2JjN2M0YzAiOnsiY3JlYXRlIjoxODAwMDAwMDAwMDAwLCJkZWxldGUiOjE4MDAwMDAwMDAwMDAsInJlYWQiOjMwMDAwMDAwMDAwMCwidXBkYXRlIjoxODAwMDAwMDAwMDAwfX0=",
          "dependencies": [
            "azurerm_resource_group.rg"
          ]
        }
      ]
    },
    {
      "mode": "managed",
      "type": "azurerm_resource_group",
      "name": "azurermNetworkWatcher",
      "provider": "provider[\"registry.terraform.io/hashicorp/azurerm\"]",
      "instances": [
        {
          "schema_version": 0,
          "attributes": {
            "id": "/subscriptions/cfbfc6c9-d0ee-4d3d-93a2-5bfaaf1a8be1/resourceGroups/NetworkWatcherRG",
            "location": "australiaeast",
            "name": "NetworkWatcherRG",
            "tags": null,
            "timeouts": null
          },
          "sensitive_attributes": [],
          "private": "eyJlMmJmYjczMC1lY2FhLTExZTYtOGY4OC0zNDM2M2JjN2M0YzAiOnsiY3JlYXRlIjo1NDAwMDAwMDAwMDAwLCJkZWxldGUiOjU0MDAwMDAwMDAwMDAsInJlYWQiOjMwMDAwMDAwMDAwMCwidXBkYXRlIjo1NDAwMDAwMDAwMDAwfX0="
        }
      ]
    },
    {
      "mode": "managed",
      "type": "azurerm_resource_group",
      "name": "rg",
      "provider": "provider[\"registry.terraform.io/hashicorp/azurerm\"]",
      "instances": [
        {
          "index_key": 0,
          "schema_version": 0,
          "attributes": {
            "id": "/subscriptions/cfbfc6c9-d0ee-4d3d-93a2-5bfaaf1a8be1/resourceGroups/az-ae-devrg1",
            "location": "australiaeast",
            "name": "az-ae-devrg1",
            "tags": null,
            "timeouts": null
          },
          "sensitive_attributes": [],
          "private": "eyJlMmJmYjczMC1lY2FhLTExZTYtOGY4OC0zNDM2M2JjN2M0YzAiOnsiY3JlYXRlIjo1NDAwMDAwMDAwMDAwLCJkZWxldGUiOjU0MDAwMDAwMDAwMDAsInJlYWQiOjMwMDAwMDAwMDAwMCwidXBkYXRlIjo1NDAwMDAwMDAwMDAwfX0="
        },
        {
          "index_key": 1,
          "schema_version": 0,
          "attributes": {
            "id": "/subscriptions/cfbfc6c9-d0ee-4d3d-93a2-5bfaaf1a8be1/resourceGroups/az-se-devrg2",
            "location": "australiaeast",
            "name": "az-se-devrg2",
            "tags": null,
            "timeouts": null
          },
          "sensitive_attributes": [],
          "private": "eyJlMmJmYjczMC1lY2FhLTExZTYtOGY4OC0zNDM2M2JjN2M0YzAiOnsiY3JlYXRlIjo1NDAwMDAwMDAwMDAwLCJkZWxldGUiOjU0MDAwMDAwMDAwMDAsInJlYWQiOjMwMDAwMDAwMDAwMCwidXBkYXRlIjo1NDAwMDAwMDAwMDAwfX0="
        },
        {
          "index_key": 2,
          "schema_version": 0,
          "attributes": {
            "id": "/subscriptions/cfbfc6c9-d0ee-4d3d-93a2-5bfaaf1a8be1/resourceGroups/az-ae-devrg3",
            "location": "australiaeast",
            "name": "az-ae-devrg3",
            "tags": null,
            "timeouts": null
          },
          "sensitive_attributes": [],
          "private": "eyJlMmJmYjczMC1lY2FhLTExZTYtOGY4OC0zNDM2M2JjN2M0YzAiOnsiY3JlYXRlIjo1NDAwMDAwMDAwMDAwLCJkZWxldGUiOjU0MDAwMDAwMDAwMDAsInJlYWQiOjMwMDAwMDAwMDAwMCwidXBkYXRlIjo1NDAwMDAwMDAwMDAwfX0="
        },
        {
          "index_key": 3,
          "schema_version": 0,
          "attributes": {
            "id": "/subscriptions/cfbfc6c9-d0ee-4d3d-93a2-5bfaaf1a8be1/resourceGroups/az-se-devrg4",
            "location": "australiaeast",
            "name": "az-se-devrg4",
            "tags": null,
            "timeouts": null
          },
          "sensitive_attributes": [],
          "private": "eyJlMmJmYjczMC1lY2FhLTExZTYtOGY4OC0zNDM2M2JjN2M0YzAiOnsiY3JlYXRlIjo1NDAwMDAwMDAwMDAwLCJkZWxldGUiOjU0MDAwMDAwMDAwMDAsInJlYWQiOjMwMDAwMDAwMDAwMCwidXBkYXRlIjo1NDAwMDAwMDAwMDAwfX0="
        }
      ]
    },
    {
      "mode": "managed",
      "type": "azurerm_subnet",
      "name": "azsubnet",
      "provider": "provider[\"registry.terraform.io/hashicorp/azurerm\"]",
      "instances": [
        {
          "index_key": 0,
          "schema_version": 0,
          "attributes": {
            "address_prefixes": [
              "10.0.2.0/23"
            ],
            "delegation": [],
            "enforce_private_link_endpoint_network_policies": false,
            "enforce_private_link_service_network_policies": false,
            "id": "/subscriptions/cfbfc6c9-d0ee-4d3d-93a2-5bfaaf1a8be1/resourceGroups/az-ae-devrg1/providers/Microsoft.Network/virtualNetworks/az-vnet/subnets/default",
            "name": "default",
            "resource_group_name": "az-ae-devrg1",
            "service_endpoint_policy_ids": null,
            "service_endpoints": null,
            "timeouts": null,
            "virtual_network_name": "az-vnet"
          },
          "sensitive_attributes": [],
          "private": "eyJlMmJmYjczMC1lY2FhLTExZTYtOGY4OC0zNDM2M2JjN2M0YzAiOnsiY3JlYXRlIjoxODAwMDAwMDAwMDAwLCJkZWxldGUiOjE4MDAwMDAwMDAwMDAsInJlYWQiOjMwMDAwMDAwMDAwMCwidXBkYXRlIjoxODAwMDAwMDAwMDAwfX0=",
          "dependencies": [
            "azurerm_resource_group.rg",
            "azurerm_virtual_network.vnet"
          ]
        },
        {
          "index_key": 1,
          "schema_version": 0,
          "attributes": {
            "address_prefixes": [
              "10.0.2.0/23"
            ],
            "delegation": [],
            "enforce_private_link_endpoint_network_policies": false,
            "enforce_private_link_service_network_policies": false,
            "id": "/subscriptions/cfbfc6c9-d0ee-4d3d-93a2-5bfaaf1a8be1/resourceGroups/az-se-devrg2/providers/Microsoft.Network/virtualNetworks/az-vnet/subnets/default",
            "name": "default",
            "resource_group_name": "az-se-devrg2",
            "service_endpoint_policy_ids": null,
            "service_endpoints": null,
            "timeouts": null,
            "virtual_network_name": "az-vnet"
          },
          "sensitive_attributes": [],
          "private": "eyJlMmJmYjczMC1lY2FhLTExZTYtOGY4OC0zNDM2M2JjN2M0YzAiOnsiY3JlYXRlIjoxODAwMDAwMDAwMDAwLCJkZWxldGUiOjE4MDAwMDAwMDAwMDAsInJlYWQiOjMwMDAwMDAwMDAwMCwidXBkYXRlIjoxODAwMDAwMDAwMDAwfX0=",
          "dependencies": [
            "azurerm_resource_group.rg",
            "azurerm_virtual_network.vnet"
          ]
        }
      ]
    },
    {
      "mode": "managed",
      "type": "azurerm_virtual_network",
      "name": "vnet",
      "provider": "provider[\"registry.terraform.io/hashicorp/azurerm\"]",
      "instances": [
        {
          "index_key": 0,
          "schema_version": 0,
          "attributes": {
            "address_space": [
              "10.0.2.0/23"
            ],
            "bgp_community": "",
            "ddos_protection_plan": [],
            "dns_servers": [],
            "edge_zone": "",
            "flow_timeout_in_minutes": 0,
            "guid": "13539a32-e591-4e3e-859c-00a227056a35",
            "id": "/subscriptions/cfbfc6c9-d0ee-4d3d-93a2-5bfaaf1a8be1/resourceGroups/az-ae-devrg1/providers/Microsoft.Network/virtualNetworks/az-vnet",
            "location": "australiaeast",
            "name": "az-vnet",
            "resource_group_name": "az-ae-devrg1",
            "subnet": [],
            "tags": null,
            "timeouts": null
          },
          "sensitive_attributes": [],
          "private": "eyJlMmJmYjczMC1lY2FhLTExZTYtOGY4OC0zNDM2M2JjN2M0YzAiOnsiY3JlYXRlIjoxODAwMDAwMDAwMDAwLCJkZWxldGUiOjE4MDAwMDAwMDAwMDAsInJlYWQiOjMwMDAwMDAwMDAwMCwidXBkYXRlIjoxODAwMDAwMDAwMDAwfX0=",
          "dependencies": [
            "azurerm_resource_group.rg"
          ]
        },
        {
          "index_key": 1,
          "schema_version": 0,
          "attributes": {
            "address_space": [
              "10.0.2.0/23"
            ],
            "bgp_community": "",
            "ddos_protection_plan": [],
            "dns_servers": [],
            "edge_zone": "",
            "flow_timeout_in_minutes": 0,
            "guid": "fcb4a2b6-bb78-432c-b1cc-7a3c16c38179",
            "id": "/subscriptions/cfbfc6c9-d0ee-4d3d-93a2-5bfaaf1a8be1/resourceGroups/az-se-devrg2/providers/Microsoft.Network/virtualNetworks/az-vnet",
            "location": "australiaeast",
            "name": "az-vnet",
            "resource_group_name": "az-se-devrg2",
            "subnet": [],
            "tags": null,
            "timeouts": null
          },
          "sensitive_attributes": [],
          "private": "eyJlMmJmYjczMC1lY2FhLTExZTYtOGY4OC0zNDM2M2JjN2M0YzAiOnsiY3JlYXRlIjoxODAwMDAwMDAwMDAwLCJkZWxldGUiOjE4MDAwMDAwMDAwMDAsInJlYWQiOjMwMDAwMDAwMDAwMCwidXBkYXRlIjoxODAwMDAwMDAwMDAwfX0=",
          "dependencies": [
            "azurerm_resource_group.rg"
          ]
        },
        {
          "index_key": 2,
          "schema_version": 0,
          "attributes": {
            "address_space": [
              "10.0.2.0/23"
            ],
            "bgp_community": "",
            "ddos_protection_plan": [],
            "dns_servers": [],
            "edge_zone": "",
            "flow_timeout_in_minutes": 0,
            "guid": "e61eb0b0-b28d-44f3-afa5-2b8ec68d2dd7",
            "id": "/subscriptions/cfbfc6c9-d0ee-4d3d-93a2-5bfaaf1a8be1/resourceGroups/az-ae-devrg3/providers/Microsoft.Network/virtualNetworks/az-vnet",
            "location": "australiaeast",
            "name": "az-vnet",
            "resource_group_name": "az-ae-devrg3",
            "subnet": [],
            "tags": null,
            "timeouts": null
          },
          "sensitive_attributes": [],
          "private": "eyJlMmJmYjczMC1lY2FhLTExZTYtOGY4OC0zNDM2M2JjN2M0YzAiOnsiY3JlYXRlIjoxODAwMDAwMDAwMDAwLCJkZWxldGUiOjE4MDAwMDAwMDAwMDAsInJlYWQiOjMwMDAwMDAwMDAwMCwidXBkYXRlIjoxODAwMDAwMDAwMDAwfX0=",
          "dependencies": [
            "azurerm_resource_group.rg"
          ]
        },
        {
          "index_key": 3,
          "schema_version": 0,
          "attributes": {
            "address_space": [
              "10.0.2.0/23"
            ],
            "bgp_community": "",
            "ddos_protection_plan": [],
            "dns_servers": [],
            "edge_zone": "",
            "flow_timeout_in_minutes": 0,
            "guid": "c095d111-cd5e-4a92-bcc8-fc3143b67d11",
            "id": "/subscriptions/cfbfc6c9-d0ee-4d3d-93a2-5bfaaf1a8be1/resourceGroups/az-se-devrg4/providers/Microsoft.Network/virtualNetworks/az-vnet",
            "location": "australiaeast",
            "name": "az-vnet",
            "resource_group_name": "az-se-devrg4",
            "subnet": [],
            "tags": null,
            "timeouts": null
          },
          "sensitive_attributes": [],
          "private": "eyJlMmJmYjczMC1lY2FhLTExZTYtOGY4OC0zNDM2M2JjN2M0YzAiOnsiY3JlYXRlIjoxODAwMDAwMDAwMDAwLCJkZWxldGUiOjE4MDAwMDAwMDAwMDAsInJlYWQiOjMwMDAwMDAwMDAwMCwidXBkYXRlIjoxODAwMDAwMDAwMDAwfX0=",
          "dependencies": [
            "azurerm_resource_group.rg"
          ]
        }
      ]
    },
    {
      "mode": "managed",
      "type": "random_password",
      "name": "linux_vm_password",
      "provider": "provider[\"registry.terraform.io/hashicorp/random\"]",
      "instances": [
        {
          "schema_version": 0,
          "attributes": {
            "id": "none",
            "keepers": null,
            "length": 8,
            "lower": true,
            "min_lower": 0,
            "min_numeric": 0,
            "min_special": 0,
            "min_upper": 0,
            "number": true,
            "override_special": null,
            "result": "=%F1)7f_",
            "special": true,
            "upper": true
          },
          "sensitive_attributes": [],
          "private": "bnVsbA=="
        }
      ]
    }
  ],
  "check_results": null
}
